{
  "name": "terma-cloudflare-worker",
  "version": "0.1.0",
  "lockfileVersion": 3,
  "requires": true,
  "packages": {
    "": {
      "name": "terma-cloudflare-worker",
      "version": "0.1.0",
      "dependencies": {
        "@cloudflare/containers": "^0.0.30"
      },
      "devDependencies": {
        "@cloudflare/workers-types": "^4.2025.10.30"
      }
    },
    "node_modules/@cloudflare/containers": {
      "version": "0.0.30",
      "resolved": "https://registry.npmjs.org/@cloudflare/containers/-/containers-0.0.30.tgz",
      "integrity": "sha512-i148xBgmyn/pje82ZIyuTr/Ae0BT/YWwa1/GTJcw6DxEjUHAzZLaBCiX446U9OeuJ2rBh/L/9FIzxX5iYNt1AQ==",
      "license": "ISC"
    },
    "node_modules/@cloudflare/workers-types": {
      "version": "4.20251014.0",
      "resolved": "https://registry.npmjs.org/@cloudflare/workers-types/-/workers-types-4.20251014.0.tgz",
      "integrity": "sha512-tEW98J/kOa0TdylIUOrLKRdwkUw0rvvYVlo+Ce0mqRH3c8kSoxLzUH9gfCvwLe0M89z1RkzFovSKAW2Nwtyn3w==",
      "dev": true,
      "license": "MIT OR Apache-2.0"
    }
  }
}
